
Microsoft Visual Studio Solution File, Format Version 12.00
# Visual Studio Version 17
VisualStudioVersion = 17.12.35506.116
MinimumVisualStudioVersion = 10.0.40219.1
Project("{9A19103F-16F7-4668-BE54-9A1E7A4F7556}") = "Puzzles.Runner", "Puzzles.Runner\Puzzles.Runner.csproj", "{ACF0D1FE-D3C7-41A0-99ED-840CAF791D7F}"
EndProject
Project("{9A19103F-16F7-4668-BE54-9A1E7A4F7556}") = "Puzzles.Base", "Puzzles.Base\Puzzles.Base.csproj", "{161A4456-74DC-4532-9A7B-C11E75264E5E}"
EndProject
Project("{FAE04EC0-301F-11D3-BF4B-00C04F79EFBC}") = "Puzzles.Web", "Puzzles.Web\Puzzles.Web.csproj", "{1B636DE0-009D-4BFC-AFF4-F91B7139BC22}"
EndProject
Project("{FAE04EC0-301F-11D3-BF4B-00C04F79EFBC}") = "Puzzles.Visuals", "Puzzles.Visuals\Puzzles.Visuals.csproj", "{718C4CA6-3EB7-4454-98B8-8515624EE34C}"
EndProject
Global
	GlobalSection(SolutionConfigurationPlatforms) = preSolution
		Debug|Any CPU = Debug|Any CPU
		Release|Any CPU = Release|Any CPU
	EndGlobalSection
	GlobalSection(ProjectConfigurationPlatforms) = postSolution
		{ACF0D1FE-D3C7-41A0-99ED-840CAF791D7F}.Debug|Any CPU.ActiveCfg = Debug|Any CPU
		{ACF0D1FE-D3C7-41A0-99ED-840CAF791D7F}.Debug|Any CPU.Build.0 = Debug|Any CPU
		{ACF0D1FE-D3C7-41A0-99ED-840CAF791D7F}.Release|Any CPU.ActiveCfg = Release|Any CPU
		{ACF0D1FE-D3C7-41A0-99ED-840CAF791D7F}.Release|Any CPU.Build.0 = Release|Any CPU
		{161A4456-74DC-4532-9A7B-C11E75264E5E}.Debug|Any CPU.ActiveCfg = Debug|Any CPU
		{161A4456-74DC-4532-9A7B-C11E75264E5E}.Debug|Any CPU.Build.0 = Debug|Any CPU
		{161A4456-74DC-4532-9A7B-C11E75264E5E}.Release|Any CPU.ActiveCfg = Release|Any CPU
		{161A4456-74DC-4532-9A7B-C11E75264E5E}.Release|Any CPU.Build.0 = Release|Any CPU
		{1B636DE0-009D-4BFC-AFF4-F91B7139BC22}.Debug|Any CPU.ActiveCfg = Debug|Any CPU
		{1B636DE0-009D-4BFC-AFF4-F91B7139BC22}.Debug|Any CPU.Build.0 = Debug|Any CPU
		{1B636DE0-009D-4BFC-AFF4-F91B7139BC22}.Release|Any CPU.ActiveCfg = Release|Any CPU
		{1B636DE0-009D-4BFC-AFF4-F91B7139BC22}.Release|Any CPU.Build.0 = Release|Any CPU
		{718C4CA6-3EB7-4454-98B8-8515624EE34C}.Debug|Any CPU.ActiveCfg = Debug|Any CPU
		{718C4CA6-3EB7-4454-98B8-8515624EE34C}.Debug|Any CPU.Build.0 = Debug|Any CPU
		{718C4CA6-3EB7-4454-98B8-8515624EE34C}.Release|Any CPU.ActiveCfg = Release|Any CPU
		{718C4CA6-3EB7-4454-98B8-8515624EE34C}.Release|Any CPU.Build.0 = Release|Any CPU
	EndGlobalSection
	GlobalSection(SolutionProperties) = preSolution
		HideSolutionNode = FALSE
	EndGlobalSection
	GlobalSection(ExtensibilityGlobals) = postSolution
		SolutionGuid = {49827F83-5286-483C-8555-E14FAD1AA346}
	EndGlobalSection
EndGlobal
